[{<<"goldrush">>,{pkg,<<"goldrush">>,<<"0.1.8">>},1},
 {<<"katana">>,
  {git,"https://github.com/inaka/erlang-katana",
       {ref,"239392f2e18b1ce7a64117f92b9774c65fe1efab"}},
  0},
 {<<"lager">>,{pkg,<<"lager">>,<<"3.2.1">>},0},
 {<<"zipper">>,
  {git,"https://github.com/inaka/zipper.git",
       {ref,"f44425c7dee3aeac98b1a30c94c74cabeed2f3b1"}},
  0}].
